// !$*UTF8*$!
{
	archiveVersion = 1;
	classes = {
	};
	objectVersion = 56;
	objects = {

/* Begin PBXBuildFile section */
		6222FBF62D80189C00D5DBF3 /* SeriesCalendar.swift in Sources */ = {isa = PBXBuildFile; fileRef = 6222FBF52D80189C00D5DBF3 /* SeriesCalendar.swift */; };
		6222FBFA2D802B7200D5DBF3 /* AppsViewModel.swift in Sources */ = {isa = PBXBuildFile; fileRef = 6222FBF92D802B7200D5DBF3 /* AppsViewModel.swift */; };
		6222FBFE2D802BC300D5DBF3 /* AppTime.swift in Sources */ = {isa = PBXBuildFile; fileRef = 6222FBFD2D802BC300D5DBF3 /* AppTime.swift */; };
		6222FC002D802F7F00D5DBF3 /* AppInfo.swift in Sources */ = {isa = PBXBuildFile; fileRef = 6222FBFF2D802F7F00D5DBF3 /* AppInfo.swift */; };
		62DC5AD72D8C5B9F00C86391 /* AppCategoryView.swift in Sources */ = {isa = PBXBuildFile; fileRef = 62DC5AD62D8C5B9F00C86391 /* AppCategoryView.swift */; };
		62DC5ADB2D8C5C8300C86391 /* CategorySheet.swift in Sources */ = {isa = PBXBuildFile; fileRef = 62DC5ADA2D8C5C8300C86391 /* CategorySheet.swift */; };
		62DC5ADE2D8C5D1900C86391 /* AppCardView.swift in Sources */ = {isa = PBXBuildFile; fileRef = 62DC5ADD2D8C5D1900C86391 /* AppCardView.swift */; };
		62DC5AE02D8C661200C86391 /* AppDetailsView.swift in Sources */ = {isa = PBXBuildFile; fileRef = 62DC5ADF2D8C661200C86391 /* AppDetailsView.swift */; };
		62F719F92D646B1B0032F6B7 /* ShijianApp.swift in Sources */ = {isa = PBXBuildFile; fileRef = 62F719F82D646B1B0032F6B7 /* ShijianApp.swift */; };
		62F719FB2D646B1B0032F6B7 /* ContentView.swift in Sources */ = {isa = PBXBuildFile; fileRef = 62F719FA2D646B1B0032F6B7 /* ContentView.swift */; };
		62F719FD2D646B1D0032F6B7 /* Assets.xcassets in Resources */ = {isa = PBXBuildFile; fileRef = 62F719FC2D646B1D0032F6B7 /* Assets.xcassets */; };
		62F71A002D646B1D0032F6B7 /* Preview Assets.xcassets in Resources */ = {isa = PBXBuildFile; fileRef = 62F719FF2D646B1D0032F6B7 /* Preview Assets.xcassets */; };
		62F71A082D646C5E0032F6B7 /* HomeView.swift in Sources */ = {isa = PBXBuildFile; fileRef = 62F71A072D646C5E0032F6B7 /* HomeView.swift */; };
		62F71A0B2D646D340032F6B7 /* BackgroundView.swift in Sources */ = {isa = PBXBuildFile; fileRef = 62F71A0A2D646D340032F6B7 /* BackgroundView.swift */; };
		62F71A0F2D6470D90032F6B7 /* Statistiques.swift in Sources */ = {isa = PBXBuildFile; fileRef = 62F71A0E2D6470D90032F6B7 /* Statistiques.swift */; };
		62F71A112D6470EA0032F6B7 /* Settings.swift in Sources */ = {isa = PBXBuildFile; fileRef = 62F71A102D6470EA0032F6B7 /* Settings.swift */; };
		62F71A172D6475370032F6B7 /* Localizable.xcstrings in Resources */ = {isa = PBXBuildFile; fileRef = 62F71A162D6475370032F6B7 /* Localizable.xcstrings */; };
		62F71A192D6478D80032F6B7 /* GIFImage.swift in Sources */ = {isa = PBXBuildFile; fileRef = 62F71A182D6478D80032F6B7 /* GIFImage.swift */; };
		62F71A1C2D647EE40032F6B7 /* SeriesStats.swift in Sources */ = {isa = PBXBuildFile; fileRef = 62F71A1B2D647EE40032F6B7 /* SeriesStats.swift */; };
		62F71A1E2D647EF20032F6B7 /* AppStats.swift in Sources */ = {isa = PBXBuildFile; fileRef = 62F71A1D2D647EF20032F6B7 /* AppStats.swift */; };
/* End PBXBuildFile section */

/* Begin PBXFileReference section */
		6222FBF52D80189C00D5DBF3 /* SeriesCalendar.swift */ = {isa = PBXFileReference; lastKnownFileType = sourcecode.swift; path = SeriesCalendar.swift; sourceTree = "<group>"; };
		6222FBF92D802B7200D5DBF3 /* AppsViewModel.swift */ = {isa = PBXFileReference; lastKnownFileType = sourcecode.swift; path = AppsViewModel.swift; sourceTree = "<group>"; };
		6222FBFD2D802BC300D5DBF3 /* AppTime.swift */ = {isa = PBXFileReference; lastKnownFileType = sourcecode.swift; path = AppTime.swift; sourceTree = "<group>"; };
		6222FBFF2D802F7F00D5DBF3 /* AppInfo.swift */ = {isa = PBXFileReference; lastKnownFileType = sourcecode.swift; path = AppInfo.swift; sourceTree = "<group>"; };
		62DC5AD62D8C5B9F00C86391 /* AppCategoryView.swift */ = {isa = PBXFileReference; lastKnownFileType = sourcecode.swift; path = AppCategoryView.swift; sourceTree = "<group>"; };
		62DC5ADA2D8C5C8300C86391 /* CategorySheet.swift */ = {isa = PBXFileReference; lastKnownFileType = sourcecode.swift; path = CategorySheet.swift; sourceTree = "<group>"; };
		62DC5ADD2D8C5D1900C86391 /* AppCardView.swift */ = {isa = PBXFileReference; lastKnownFileType = sourcecode.swift; path = AppCardView.swift; sourceTree = "<group>"; };
		62DC5ADF2D8C661200C86391 /* AppDetailsView.swift */ = {isa = PBXFileReference; lastKnownFileType = sourcecode.swift; path = AppDetailsView.swift; sourceTree = "<group>"; };
		62F719F52D646B1B0032F6B7 /* Shijian.app */ = {isa = PBXFileReference; explicitFileType = wrapper.application; includeInIndex = 0; path = Shijian.app; sourceTree = BUILT_PRODUCTS_DIR; };
		62F719F82D646B1B0032F6B7 /* ShijianApp.swift */ = {isa = PBXFileReference; lastKnownFileType = sourcecode.swift; path = ShijianApp.swift; sourceTree = "<group>"; };
		62F719FA2D646B1B0032F6B7 /* ContentView.swift */ = {isa = PBXFileReference; lastKnownFileType = sourcecode.swift; path = ContentView.swift; sourceTree = "<group>"; };
		62F719FC2D646B1D0032F6B7 /* Assets.xcassets */ = {isa = PBXFileReference; lastKnownFileType = folder.assetcatalog; path = Assets.xcassets; sourceTree = "<group>"; };
		62F719FF2D646B1D0032F6B7 /* Preview Assets.xcassets */ = {isa = PBXFileReference; lastKnownFileType = folder.assetcatalog; path = "Preview Assets.xcassets"; sourceTree = "<group>"; };
		62F71A072D646C5E0032F6B7 /* HomeView.swift */ = {isa = PBXFileReference; lastKnownFileType = sourcecode.swift; path = HomeView.swift; sourceTree = "<group>"; };
		62F71A0A2D646D340032F6B7 /* BackgroundView.swift */ = {isa = PBXFileReference; lastKnownFileType = sourcecode.swift; path = BackgroundView.swift; sourceTree = "<group>"; };
		62F71A0E2D6470D90032F6B7 /* Statistiques.swift */ = {isa = PBXFileReference; lastKnownFileType = sourcecode.swift; path = Statistiques.swift; sourceTree = "<group>"; };
		62F71A102D6470EA0032F6B7 /* Settings.swift */ = {isa = PBXFileReference; lastKnownFileType = sourcecode.swift; path = Settings.swift; sourceTree = "<group>"; };
		62F71A162D6475370032F6B7 /* Localizable.xcstrings */ = {isa = PBXFileReference; lastKnownFileType = text.json.xcstrings; path = Localizable.xcstrings; sourceTree = "<group>"; };
		62F71A182D6478D80032F6B7 /* GIFImage.swift */ = {isa = PBXFileReference; lastKnownFileType = sourcecode.swift; path = GIFImage.swift; sourceTree = "<group>"; };
		62F71A1B2D647EE40032F6B7 /* SeriesStats.swift */ = {isa = PBXFileReference; lastKnownFileType = sourcecode.swift; path = SeriesStats.swift; sourceTree = "<group>"; };
		62F71A1D2D647EF20032F6B7 /* AppStats.swift */ = {isa = PBXFileReference; lastKnownFileType = sourcecode.swift; path = AppStats.swift; sourceTree = "<group>"; };
/* End PBXFileReference section */

/* Begin PBXFrameworksBuildPhase section */
		62F719F22D646B1B0032F6B7 /* Frameworks */ = {
			isa = PBXFrameworksBuildPhase;
			buildActionMask = 2147483647;
			files = (
			);
			runOnlyForDeploymentPostprocessing = 0;
		};
/* End PBXFrameworksBuildPhase section */

/* Begin PBXGroup section */
		6222FBF82D802B5A00D5DBF3 /* ViewModels */ = {
			isa = PBXGroup;
			children = (
				6222FBF92D802B7200D5DBF3 /* AppsViewModel.swift */,
			);
			path = ViewModels;
			sourceTree = "<group>";
		};
		62DC5AD92D8C5C5300C86391 /* categories */ = {
			isa = PBXGroup;
			children = (
				62DC5AD62D8C5B9F00C86391 /* AppCategoryView.swift */,
				62DC5ADA2D8C5C8300C86391 /* CategorySheet.swift */,
			);
			path = categories;
			sourceTree = "<group>";
		};
		62DC5ADC2D8C5D0B00C86391 /* Apps */ = {
			isa = PBXGroup;
			children = (
				62DC5ADD2D8C5D1900C86391 /* AppCardView.swift */,
				62DC5ADF2D8C661200C86391 /* AppDetailsView.swift */,
			);
			path = Apps;
			sourceTree = "<group>";
		};
		62F719EC2D646B1B0032F6B7 = {
			isa = PBXGroup;
			children = (
				62F719F72D646B1B0032F6B7 /* Shijian */,
				62F719F62D646B1B0032F6B7 /* Products */,
			);
			sourceTree = "<group>";
		};
		62F719F62D646B1B0032F6B7 /* Products */ = {
			isa = PBXGroup;
			children = (
				62F719F52D646B1B0032F6B7 /* Shijian.app */,
			);
			name = Products;
			sourceTree = "<group>";
		};
		62F719F72D646B1B0032F6B7 /* Shijian */ = {
			isa = PBXGroup;
			children = (
				6222FBF82D802B5A00D5DBF3 /* ViewModels */,
				62F71A092D646C700032F6B7 /* Models */,
				62F71A062D646C480032F6B7 /* Views */,
				62F719F82D646B1B0032F6B7 /* ShijianApp.swift */,
				62F719FA2D646B1B0032F6B7 /* ContentView.swift */,
				62F719FC2D646B1D0032F6B7 /* Assets.xcassets */,
				62F719FE2D646B1D0032F6B7 /* Preview Content */,
				62F71A162D6475370032F6B7 /* Localizable.xcstrings */,
			);
			path = Shijian;
			sourceTree = "<group>";
		};
		62F719FE2D646B1D0032F6B7 /* Preview Content */ = {
			isa = PBXGroup;
			children = (
				62F719FF2D646B1D0032F6B7 /* Preview Assets.xcassets */,
			);
			path = "Preview Content";
			sourceTree = "<group>";
		};
		62F71A062D646C480032F6B7 /* Views */ = {
			isa = PBXGroup;
			children = (
				62F71A1A2D647ED30032F6B7 /* StatViews */,
				62F71A072D646C5E0032F6B7 /* HomeView.swift */,
				62F71A0A2D646D340032F6B7 /* BackgroundView.swift */,
				62F71A0E2D6470D90032F6B7 /* Statistiques.swift */,
				62F71A102D6470EA0032F6B7 /* Settings.swift */,
				62F71A182D6478D80032F6B7 /* GIFImage.swift */,
			);
			path = Views;
			sourceTree = "<group>";
		};
		62F71A092D646C700032F6B7 /* Models */ = {
			isa = PBXGroup;
			children = (
				6222FBFD2D802BC300D5DBF3 /* AppTime.swift */,
				6222FBFF2D802F7F00D5DBF3 /* AppInfo.swift */,
			);
			path = Models;
			sourceTree = "<group>";
		};
		62F71A1A2D647ED30032F6B7 /* StatViews */ = {
			isa = PBXGroup;
			children = (
				62DC5ADC2D8C5D0B00C86391 /* Apps */,
				62DC5AD92D8C5C5300C86391 /* categories */,
				62F71A1B2D647EE40032F6B7 /* SeriesStats.swift */,
				62F71A1D2D647EF20032F6B7 /* AppStats.swift */,
				6222FBF52D80189C00D5DBF3 /* SeriesCalendar.swift */,
			);
			path = StatViews;
			sourceTree = "<group>";
		};
/* End PBXGroup section */

/* Begin PBXNativeTarget section */
		62F719F42D646B1B0032F6B7 /* Shijian */ = {
			isa = PBXNativeTarget;
			buildConfigurationList = 62F71A032D646B1D0032F6B7 /* Build configuration list for PBXNativeTarget "Shijian" */;
			buildPhases = (
				62F719F12D646B1B0032F6B7 /* Sources */,
				62F719F22D646B1B0032F6B7 /* Frameworks */,
				62F719F32D646B1B0032F6B7 /* Resources */,
			);
			buildRules = (
			);
			dependencies = (
			);
			name = Shijian;
			productName = Shijian;
			productReference = 62F719F52D646B1B0032F6B7 /* Shijian.app */;
			productType = "com.apple.product-type.application";
		};
/* End PBXNativeTarget section */

/* Begin PBXProject section */
		62F719ED2D646B1B0032F6B7 /* Project object */ = {
			isa = PBXProject;
			attributes = {
				BuildIndependentTargetsInParallel = 1;
				LastSwiftUpdateCheck = 1540;
				LastUpgradeCheck = 1540;
				TargetAttributes = {
					62F719F42D646B1B0032F6B7 = {
						CreatedOnToolsVersion = 15.4;
					};
				};
			};
			buildConfigurationList = 62F719F02D646B1B0032F6B7 /* Build configuration list for PBXProject "Shijian" */;
			compatibilityVersion = "Xcode 14.0";
			developmentRegion = en;
			hasScannedForEncodings = 0;
			knownRegions = (
				en,
				Base,
			);
			mainGroup = 62F719EC2D646B1B0032F6B7;
			productRefGroup = 62F719F62D646B1B0032F6B7 /* Products */;
			projectDirPath = "";
			projectRoot = "";
			targets = (
				62F719F42D646B1B0032F6B7 /* Shijian */,
			);
		};
/* End PBXProject section */

/* Begin PBXResourcesBuildPhase section */
		62F719F32D646B1B0032F6B7 /* Resources */ = {
			isa = PBXResourcesBuildPhase;
			buildActionMask = 2147483647;
			files = (
				62F71A002D646B1D0032F6B7 /* Preview Assets.xcassets in Resources */,
				62F719FD2D646B1D0032F6B7 /* Assets.xcassets in Resources */,
				62F71A172D6475370032F6B7 /* Localizable.xcstrings in Resources */,
			);
			runOnlyForDeploymentPostprocessing = 0;
		};
/* End PBXResourcesBuildPhase section */

/* Begin PBXSourcesBuildPhase section */
		62F719F12D646B1B0032F6B7 /* Sources */ = {
			isa = PBXSourcesBuildPhase;
			buildActionMask = 2147483647;
			files = (
				6222FBF62D80189C00D5DBF3 /* SeriesCalendar.swift in Sources */,
				62F71A112D6470EA0032F6B7 /* Settings.swift in Sources */,
				62F71A082D646C5E0032F6B7 /* HomeView.swift in Sources */,
				62F71A192D6478D80032F6B7 /* GIFImage.swift in Sources */,
				62F71A1E2D647EF20032F6B7 /* AppStats.swift in Sources */,
				62F71A0F2D6470D90032F6B7 /* Statistiques.swift in Sources */,
				62F719FB2D646B1B0032F6B7 /* ContentView.swift in Sources */,
				6222FBFE2D802BC300D5DBF3 /* AppTime.swift in Sources */,
				6222FBFA2D802B7200D5DBF3 /* AppsViewModel.swift in Sources */,
				62DC5AD72D8C5B9F00C86391 /* AppCategoryView.swift in Sources */,
				62DC5AE02D8C661200C86391 /* AppDetailsView.swift in Sources */,
				62F71A0B2D646D340032F6B7 /* BackgroundView.swift in Sources */,
				62F71A1C2D647EE40032F6B7 /* SeriesStats.swift in Sources */,
				62DC5ADB2D8C5C8300C86391 /* CategorySheet.swift in Sources */,
				62DC5ADE2D8C5D1900C86391 /* AppCardView.swift in Sources */,
				6222FC002D802F7F00D5DBF3 /* AppInfo.swift in Sources */,
				62F719F92D646B1B0032F6B7 /* ShijianApp.swift in Sources */,
			);
			runOnlyForDeploymentPostprocessing = 0;
		};
/* End PBXSourcesBuildPhase section */

/* Begin XCBuildConfiguration section */
		62F71A012D646B1D0032F6B7 /* Debug */ = {
			isa = XCBuildConfiguration;
			buildSettings = {
				ALWAYS_SEARCH_USER_PATHS = NO;
				ASSETCATALOG_COMPILER_GENERATE_SWIFT_ASSET_SYMBOL_EXTENSIONS = YES;
				CLANG_ANALYZER_NONNULL = YES;
				CLANG_ANALYZER_NUMBER_OBJECT_CONVERSION = YES_AGGRESSIVE;
				CLANG_CXX_LANGUAGE_STANDARD = "gnu++20";
				CLANG_ENABLE_MODULES = YES;
				CLANG_ENABLE_OBJC_ARC = YES;
				CLANG_ENABLE_OBJC_WEAK = YES;
				CLANG_WARN_BLOCK_CAPTURE_AUTORELEASING = YES;
				CLANG_WARN_BOOL_CONVERSION = YES;
				CLANG_WARN_COMMA = YES;
				CLANG_WARN_CONSTANT_CONVERSION = YES;
				CLANG_WARN_DEPRECATED_OBJC_IMPLEMENTATIONS = YES;
				CLANG_WARN_DIRECT_OBJC_ISA_USAGE = YES_ERROR;
				CLANG_WARN_DOCUMENTATION_COMMENTS = YES;
				CLANG_WARN_EMPTY_BODY = YES;
				CLANG_WARN_ENUM_CONVERSION = YES;
				CLANG_WARN_INFINITE_RECURSION = YES;
				CLANG_WARN_INT_CONVERSION = YES;
				CLANG_WARN_NON_LITERAL_NULL_CONVERSION = YES;
				CLANG_WARN_OBJC_IMPLICIT_RETAIN_SELF = YES;
				CLANG_WARN_OBJC_LITERAL_CONVERSION = YES;
				CLANG_WARN_OBJC_ROOT_CLASS = YES_ERROR;
				CLANG_WARN_QUOTED_INCLUDE_IN_FRAMEWORK_HEADER = YES;
				CLANG_WARN_RANGE_LOOP_ANALYSIS = YES;
				CLANG_WARN_STRICT_PROTOTYPES = YES;
				CLANG_WARN_SUSPICIOUS_MOVE = YES;
				CLANG_WARN_UNGUARDED_AVAILABILITY = YES_AGGRESSIVE;
				CLANG_WARN_UNREACHABLE_CODE = YES;
				CLANG_WARN__DUPLICATE_METHOD_MATCH = YES;
				COPY_PHASE_STRIP = NO;
				DEBUG_INFORMATION_FORMAT = dwarf;
				ENABLE_STRICT_OBJC_MSGSEND = YES;
				ENABLE_TESTABILITY = YES;
				ENABLE_USER_SCRIPT_SANDBOXING = YES;
				GCC_C_LANGUAGE_STANDARD = gnu17;
				GCC_DYNAMIC_NO_PIC = NO;
				GCC_NO_COMMON_BLOCKS = YES;
				GCC_OPTIMIZATION_LEVEL = 0;
				GCC_PREPROCESSOR_DEFINITIONS = (
					"DEBUG=1",
					"$(inherited)",
				);
				GCC_WARN_64_TO_32_BIT_CONVERSION = YES;
				GCC_WARN_ABOUT_RETURN_TYPE = YES_ERROR;
				GCC_WARN_UNDECLARED_SELECTOR = YES;
				GCC_WARN_UNINITIALIZED_AUTOS = YES_AGGRESSIVE;
				GCC_WARN_UNUSED_FUNCTION = YES;
				GCC_WARN_UNUSED_VARIABLE = YES;
				IPHONEOS_DEPLOYMENT_TARGET = 17.5;
				LOCALIZATION_PREFERS_STRING_CATALOGS = YES;
				MTL_ENABLE_DEBUG_INFO = INCLUDE_SOURCE;
				MTL_FAST_MATH = YES;
				ONLY_ACTIVE_ARCH = YES;
				SDKROOT = iphoneos;
				SWIFT_ACTIVE_COMPILATION_CONDITIONS = "DEBUG $(inherited)";
				SWIFT_OPTIMIZATION_LEVEL = "-Onone";
			};
			name = Debug;
		};
		62F71A022D646B1D0032F6B7 /* Release */ = {
			isa = XCBuildConfiguration;
			buildSettings = {
				ALWAYS_SEARCH_USER_PATHS = NO;
				ASSETCATALOG_COMPILER_GENERATE_SWIFT_ASSET_SYMBOL_EXTENSIONS = YES;
				CLANG_ANALYZER_NONNULL = YES;
				CLANG_ANALYZER_NUMBER_OBJECT_CONVERSION = YES_AGGRESSIVE;
				CLANG_CXX_LANGUAGE_STANDARD = "gnu++20";
				CLANG_ENABLE_MODULES = YES;
				CLANG_ENABLE_OBJC_ARC = YES;
				CLANG_ENABLE_OBJC_WEAK = YES;
				CLANG_WARN_BLOCK_CAPTURE_AUTORELEASING = YES;
				CLANG_WARN_BOOL_CONVERSION = YES;
				CLANG_WARN_COMMA = YES;
				CLANG_WARN_CONSTANT_CONVERSION = YES;
				CLANG_WARN_DEPRECATED_OBJC_IMPLEMENTATIONS = YES;
				CLANG_WARN_DIRECT_OBJC_ISA_USAGE = YES_ERROR;
				CLANG_WARN_DOCUMENTATION_COMMENTS = YES;
				CLANG_WARN_EMPTY_BODY = YES;
				CLANG_WARN_ENUM_CONVERSION = YES;
				CLANG_WARN_INFINITE_RECURSION = YES;
				CLANG_WARN_INT_CONVERSION = YES;
				CLANG_WARN_NON_LITERAL_NULL_CONVERSION = YES;
				CLANG_WARN_OBJC_IMPLICIT_RETAIN_SELF = YES;
				CLANG_WARN_OBJC_LITERAL_CONVERSION = YES;
				CLANG_WARN_OBJC_ROOT_CLASS = YES_ERROR;
				CLANG_WARN_QUOTED_INCLUDE_IN_FRAMEWORK_HEADER = YES;
				CLANG_WARN_RANGE_LOOP_ANALYSIS = YES;
				CLANG_WARN_STRICT_PROTOTYPES = YES;
				CLANG_WARN_SUSPICIOUS_MOVE = YES;
				CLANG_WARN_UNGUARDED_AVAILABILITY = YES_AGGRESSIVE;
				CLANG_WARN_UNREACHABLE_CODE = YES;
				CLANG_WARN__DUPLICATE_METHOD_MATCH = YES;
				COPY_PHASE_STRIP = NO;
				DEBUG_INFORMATION_FORMAT = "dwarf-with-dsym";
				ENABLE_NS_ASSERTIONS = NO;
				ENABLE_STRICT_OBJC_MSGSEND = YES;
				ENABLE_USER_SCRIPT_SANDBOXING = YES;
				GCC_C_LANGUAGE_STANDARD = gnu17;
				GCC_NO_COMMON_BLOCKS = YES;
				GCC_WARN_64_TO_32_BIT_CONVERSION = YES;
				GCC_WARN_ABOUT_RETURN_TYPE = YES_ERROR;
				GCC_WARN_UNDECLARED_SELECTOR = YES;
				GCC_WARN_UNINITIALIZED_AUTOS = YES_AGGRESSIVE;
				GCC_WARN_UNUSED_FUNCTION = YES;
				GCC_WARN_UNUSED_VARIABLE = YES;
				IPHONEOS_DEPLOYMENT_TARGET = 17.5;
				LOCALIZATION_PREFERS_STRING_CATALOGS = YES;
				MTL_ENABLE_DEBUG_INFO = NO;
				MTL_FAST_MATH = YES;
				SDKROOT = iphoneos;
				SWIFT_COMPILATION_MODE = wholemodule;
				VALIDATE_PRODUCT = YES;
			};
			name = Release;
		};
		62F71A042D646B1D0032F6B7 /* Debug */ = {
			isa = XCBuildConfiguration;
			buildSettings = {
				ASSETCATALOG_COMPILER_APPICON_NAME = AppIcon;
				ASSETCATALOG_COMPILER_GLOBAL_ACCENT_COLOR_NAME = AccentColor;
				CODE_SIGN_STYLE = Automatic;
				CURRENT_PROJECT_VERSION = 1;
				DEVELOPMENT_ASSET_PATHS = "\"Shijian/Preview Content\"";
				ENABLE_PREVIEWS = YES;
				GENERATE_INFOPLIST_FILE = YES;
				INFOPLIST_KEY_UIApplicationSceneManifest_Generation = YES;
				INFOPLIST_KEY_UIApplicationSupportsIndirectInputEvents = YES;
				INFOPLIST_KEY_UILaunchScreen_Generation = YES;
				INFOPLIST_KEY_UISupportedInterfaceOrientations_iPad = "UIInterfaceOrientationPortrait UIInterfaceOrientationPortraitUpsideDown UIInterfaceOrientationLandscapeLeft UIInterfaceOrientationLandscapeRight";
				INFOPLIST_KEY_UISupportedInterfaceOrientations_iPhone = "UIInterfaceOrientationPortrait UIInterfaceOrientationLandscapeLeft UIInterfaceOrientationLandscapeRight";
				LD_RUNPATH_SEARCH_PATHS = (
					"$(inherited)",
					"@executable_path/Frameworks",
				);
				MARKETING_VERSION = 1.0;
				PRODUCT_BUNDLE_IDENTIFIER = fr.chamallow.lynn.Shijian;
				PRODUCT_NAME = "$(TARGET_NAME)";
				SWIFT_EMIT_LOC_STRINGS = YES;
				SWIFT_VERSION = 5.0;
				TARGETED_DEVICE_FAMILY = "1,2";
			};
			name = Debug;
		};
		62F71A052D646B1D0032F6B7 /* Release */ = {
			isa = XCBuildConfiguration;
			buildSettings = {
				ASSETCATALOG_COMPILER_APPICON_NAME = AppIcon;
				ASSETCATALOG_COMPILER_GLOBAL_ACCENT_COLOR_NAME = AccentColor;
				CODE_SIGN_STYLE = Automatic;
				CURRENT_PROJECT_VERSION = 1;
				DEVELOPMENT_ASSET_PATHS = "\"Shijian/Preview Content\"";
				ENABLE_PREVIEWS = YES;
				GENERATE_INFOPLIST_FILE = YES;
				INFOPLIST_KEY_UIApplicationSceneManifest_Generation = YES;
				INFOPLIST_KEY_UIApplicationSupportsIndirectInputEvents = YES;
				INFOPLIST_KEY_UILaunchScreen_Generation = YES;
				INFOPLIST_KEY_UISupportedInterfaceOrientations_iPad = "UIInterfaceOrientationPortrait UIInterfaceOrientationPortraitUpsideDown UIInterfaceOrientationLandscapeLeft UIInterfaceOrientationLandscapeRight";
				INFOPLIST_KEY_UISupportedInterfaceOrientations_iPhone = "UIInterfaceOrientationPortrait UIInterfaceOrientationLandscapeLeft UIInterfaceOrientationLandscapeRight";
				LD_RUNPATH_SEARCH_PATHS = (
					"$(inherited)",
					"@executable_path/Frameworks",
				);
				MARKETING_VERSION = 1.0;
				PRODUCT_BUNDLE_IDENTIFIER = fr.chamallow.lynn.Shijian;
				PRODUCT_NAME = "$(TARGET_NAME)";
				SWIFT_EMIT_LOC_STRINGS = YES;
				SWIFT_VERSION = 5.0;
				TARGETED_DEVICE_FAMILY = "1,2";
			};
			name = Release;
		};
/* End XCBuildConfiguration section */

/* Begin XCConfigurationList section */
		62F719F02D646B1B0032F6B7 /* Build configuration list for PBXProject "Shijian" */ = {
			isa = XCConfigurationList;
			buildConfigurations = (
				62F71A012D646B1D0032F6B7 /* Debug */,
				62F71A022D646B1D0032F6B7 /* Release */,
			);
			defaultConfigurationIsVisible = 0;
			defaultConfigurationName = Release;
		};
		62F71A032D646B1D0032F6B7 /* Build configuration list for PBXNativeTarget "Shijian" */ = {
			isa = XCConfigurationList;
			buildConfigurations = (
				62F71A042D646B1D0032F6B7 /* Debug */,
				62F71A052D646B1D0032F6B7 /* Release */,
			);
			defaultConfigurationIsVisible = 0;
			defaultConfigurationName = Release;
		};
/* End XCConfigurationList section */
	};
	rootObject = 62F719ED2D646B1B0032F6B7 /* Project object */;
}
